
Microsoft Visual Studio Solution File, Format Version 12.00
# Visual Studio Version 17
VisualStudioVersion = 17.5.33209.295
MinimumVisualStudioVersion = 10.0.40219.1
Project("{9A19103F-16F7-4668-BE54-9A1E7A4F7556}") = "WeatherForecastApi", "WeatherForecastApi\WeatherForecastApi.csproj", "{2A96897D-6E3A-4DA3-B870-2C3511D4597A}"
EndProject
Project("{9A19103F-16F7-4668-BE54-9A1E7A4F7556}") = "Contracts", "Contracts\Contracts.csproj", "{667F9FDC-9EF8-424F-AF59-456BAAD7AE0A}"
EndProject
Project("{9A19103F-16F7-4668-BE54-9A1E7A4F7556}") = "CountriesApiTest", "CountriesApiTest\CountriesApiTest.csproj", "{E165960E-51A2-4541-853C-AF9561D81170}"
EndProject
Project("{9A19103F-16F7-4668-BE54-9A1E7A4F7556}") = "CountriesApiTestHosted", "CountriesApiTestHosted\CountriesApiTestHosted.csproj", "{DE125AEC-0B65-4562-AADB-81254EDFDBFB}"
EndProject
Project("{9A19103F-16F7-4668-BE54-9A1E7A4F7556}") = "WeatherForecastApiTest", "WeatherForecastApiTest\WeatherForecastApiTest.csproj", "{2D6FC7CF-7F4A-4255-8742-BCE2AC9DD9E3}"
EndProject
Project("{9A19103F-16F7-4668-BE54-9A1E7A4F7556}") = "WeatherForecastApiTestHosted", "WeatherForecastApiTestHosted\WeatherForecastApiTestHosted.csproj", "{0D522443-35A9-4D63-8E3C-D7DF2C0B5EFC}"
EndProject
Project("{9A19103F-16F7-4668-BE54-9A1E7A4F7556}") = "SmhiApiTest", "SmhiApiTest\SmhiApiTest.csproj", "{FA07EB2A-6AD3-4E8C-9377-989083A7656C}"
EndProject
Project("{9A19103F-16F7-4668-BE54-9A1E7A4F7556}") = "SmhiApiTestHosted", "SmhiApiTestHosted\SmhiApiTestHosted.csproj", "{3870009F-9202-40CA-891F-402055827185}"
EndProject
Project("{2150E333-8FDC-42A3-9474-1A3956D46DE8}") = "0. Contracts for WeatherForecast and Countries", "0. Contracts for WeatherForecast and Countries", "{1D422232-2AF9-4594-9B93-6F4D16BEF0AB}"
EndProject
Project("{2150E333-8FDC-42A3-9474-1A3956D46DE8}") = "3. SMHI", "3. SMHI", "{5E2A3E1C-38EE-41D6-8B94-52DBB6E05254}"
EndProject
Project("{2150E333-8FDC-42A3-9474-1A3956D46DE8}") = "2. Countries", "2. Countries", "{421BABFA-21D4-4BB7-94F6-862192A3ECCE}"
EndProject
Project("{2150E333-8FDC-42A3-9474-1A3956D46DE8}") = "1. WeatherForecast", "1. WeatherForecast", "{0EB45B96-684E-4FE3-B860-AD32A06062E7}"
EndProject
Project("{2150E333-8FDC-42A3-9474-1A3956D46DE8}") = "Refit", "Refit", "{E557E439-BF7E-4E8C-BED7-5417FD5F319B}"
EndProject
Project("{2150E333-8FDC-42A3-9474-1A3956D46DE8}") = "Refit", "Refit", "{6A6D89CF-55F3-4AB5-873C-242A1B3FEB8B}"
EndProject
Project("{2150E333-8FDC-42A3-9474-1A3956D46DE8}") = "Refit", "Refit", "{FCADA339-1C70-444C-9C4D-5958091202BD}"
EndProject
Project("{2150E333-8FDC-42A3-9474-1A3956D46DE8}") = "Plain", "Plain", "{1C540563-8C4F-4263-AF84-14AECEE8B769}"
EndProject
Project("{2150E333-8FDC-42A3-9474-1A3956D46DE8}") = "Plain Without Refit", "Plain Without Refit", "{714A3AEA-D0C4-4DE4-9B60-EA9B1C268FD8}"
EndProject
Project("{2150E333-8FDC-42A3-9474-1A3956D46DE8}") = "Plain", "Plain", "{32381C78-B1D2-47F5-8F21-A4117FBFE44E}"
EndProject
Project("{9A19103F-16F7-4668-BE54-9A1E7A4F7556}") = "PlainWeatherForecastApiTest", "PlainWeatherForecastApiTest\PlainWeatherForecastApiTest.csproj", "{7763DFB0-B60E-482E-B2A9-78CAC9221239}"
EndProject
Project("{9A19103F-16F7-4668-BE54-9A1E7A4F7556}") = "PlainSmhiApiTest", "PlainSmhiApiTest\PlainSmhiApiTest.csproj", "{6E94D4DB-49D2-4D1C-B75D-F73645DF3513}"
EndProject
Project("{9A19103F-16F7-4668-BE54-9A1E7A4F7556}") = "SmhiApiServices", "SmhiApiServices\SmhiApiServices.csproj", "{259ACC01-BF26-436F-AF2D-1C17822EC8A5}"
EndProject
Project("{2150E333-8FDC-42A3-9474-1A3956D46DE8}") = "Common Services, Clients and Contracts", "Common Services, Clients and Contracts", "{B8557CA0-271E-4EA7-B591-AF6CDF38C5EF}"
EndProject
Global
	GlobalSection(SolutionConfigurationPlatforms) = preSolution
		Debug|Any CPU = Debug|Any CPU
		Release|Any CPU = Release|Any CPU
	EndGlobalSection
	GlobalSection(ProjectConfigurationPlatforms) = postSolution
		{2A96897D-6E3A-4DA3-B870-2C3511D4597A}.Debug|Any CPU.ActiveCfg = Debug|Any CPU
		{2A96897D-6E3A-4DA3-B870-2C3511D4597A}.Debug|Any CPU.Build.0 = Debug|Any CPU
		{2A96897D-6E3A-4DA3-B870-2C3511D4597A}.Release|Any CPU.ActiveCfg = Release|Any CPU
		{2A96897D-6E3A-4DA3-B870-2C3511D4597A}.Release|Any CPU.Build.0 = Release|Any CPU
		{667F9FDC-9EF8-424F-AF59-456BAAD7AE0A}.Debug|Any CPU.ActiveCfg = Debug|Any CPU
		{667F9FDC-9EF8-424F-AF59-456BAAD7AE0A}.Debug|Any CPU.Build.0 = Debug|Any CPU
		{667F9FDC-9EF8-424F-AF59-456BAAD7AE0A}.Release|Any CPU.ActiveCfg = Release|Any CPU
		{667F9FDC-9EF8-424F-AF59-456BAAD7AE0A}.Release|Any CPU.Build.0 = Release|Any CPU
		{E165960E-51A2-4541-853C-AF9561D81170}.Debug|Any CPU.ActiveCfg = Debug|Any CPU
		{E165960E-51A2-4541-853C-AF9561D81170}.Debug|Any CPU.Build.0 = Debug|Any CPU
		{E165960E-51A2-4541-853C-AF9561D81170}.Release|Any CPU.ActiveCfg = Release|Any CPU
		{E165960E-51A2-4541-853C-AF9561D81170}.Release|Any CPU.Build.0 = Release|Any CPU
		{DE125AEC-0B65-4562-AADB-81254EDFDBFB}.Debug|Any CPU.ActiveCfg = Debug|Any CPU
		{DE125AEC-0B65-4562-AADB-81254EDFDBFB}.Debug|Any CPU.Build.0 = Debug|Any CPU
		{DE125AEC-0B65-4562-AADB-81254EDFDBFB}.Release|Any CPU.ActiveCfg = Release|Any CPU
		{DE125AEC-0B65-4562-AADB-81254EDFDBFB}.Release|Any CPU.Build.0 = Release|Any CPU
		{2D6FC7CF-7F4A-4255-8742-BCE2AC9DD9E3}.Debug|Any CPU.ActiveCfg = Debug|Any CPU
		{2D6FC7CF-7F4A-4255-8742-BCE2AC9DD9E3}.Debug|Any CPU.Build.0 = Debug|Any CPU
		{2D6FC7CF-7F4A-4255-8742-BCE2AC9DD9E3}.Release|Any CPU.ActiveCfg = Release|Any CPU
		{2D6FC7CF-7F4A-4255-8742-BCE2AC9DD9E3}.Release|Any CPU.Build.0 = Release|Any CPU
		{0D522443-35A9-4D63-8E3C-D7DF2C0B5EFC}.Debug|Any CPU.ActiveCfg = Debug|Any CPU
		{0D522443-35A9-4D63-8E3C-D7DF2C0B5EFC}.Debug|Any CPU.Build.0 = Debug|Any CPU
		{0D522443-35A9-4D63-8E3C-D7DF2C0B5EFC}.Release|Any CPU.ActiveCfg = Release|Any CPU
		{0D522443-35A9-4D63-8E3C-D7DF2C0B5EFC}.Release|Any CPU.Build.0 = Release|Any CPU
		{FA07EB2A-6AD3-4E8C-9377-989083A7656C}.Debug|Any CPU.ActiveCfg = Debug|Any CPU
		{FA07EB2A-6AD3-4E8C-9377-989083A7656C}.Debug|Any CPU.Build.0 = Debug|Any CPU
		{FA07EB2A-6AD3-4E8C-9377-989083A7656C}.Release|Any CPU.ActiveCfg = Release|Any CPU
		{FA07EB2A-6AD3-4E8C-9377-989083A7656C}.Release|Any CPU.Build.0 = Release|Any CPU
		{3870009F-9202-40CA-891F-402055827185}.Debug|Any CPU.ActiveCfg = Debug|Any CPU
		{3870009F-9202-40CA-891F-402055827185}.Debug|Any CPU.Build.0 = Debug|Any CPU
		{3870009F-9202-40CA-891F-402055827185}.Release|Any CPU.ActiveCfg = Release|Any CPU
		{3870009F-9202-40CA-891F-402055827185}.Release|Any CPU.Build.0 = Release|Any CPU
		{7763DFB0-B60E-482E-B2A9-78CAC9221239}.Debug|Any CPU.ActiveCfg = Debug|Any CPU
		{7763DFB0-B60E-482E-B2A9-78CAC9221239}.Debug|Any CPU.Build.0 = Debug|Any CPU
		{7763DFB0-B60E-482E-B2A9-78CAC9221239}.Release|Any CPU.ActiveCfg = Release|Any CPU
		{7763DFB0-B60E-482E-B2A9-78CAC9221239}.Release|Any CPU.Build.0 = Release|Any CPU
		{6E94D4DB-49D2-4D1C-B75D-F73645DF3513}.Debug|Any CPU.ActiveCfg = Debug|Any CPU
		{6E94D4DB-49D2-4D1C-B75D-F73645DF3513}.Debug|Any CPU.Build.0 = Debug|Any CPU
		{6E94D4DB-49D2-4D1C-B75D-F73645DF3513}.Release|Any CPU.ActiveCfg = Release|Any CPU
		{6E94D4DB-49D2-4D1C-B75D-F73645DF3513}.Release|Any CPU.Build.0 = Release|Any CPU
		{259ACC01-BF26-436F-AF2D-1C17822EC8A5}.Debug|Any CPU.ActiveCfg = Debug|Any CPU
		{259ACC01-BF26-436F-AF2D-1C17822EC8A5}.Debug|Any CPU.Build.0 = Debug|Any CPU
		{259ACC01-BF26-436F-AF2D-1C17822EC8A5}.Release|Any CPU.ActiveCfg = Release|Any CPU
		{259ACC01-BF26-436F-AF2D-1C17822EC8A5}.Release|Any CPU.Build.0 = Release|Any CPU
	EndGlobalSection
	GlobalSection(SolutionProperties) = preSolution
		HideSolutionNode = FALSE
	EndGlobalSection
	GlobalSection(NestedProjects) = preSolution
		{2A96897D-6E3A-4DA3-B870-2C3511D4597A} = {0EB45B96-684E-4FE3-B860-AD32A06062E7}
		{667F9FDC-9EF8-424F-AF59-456BAAD7AE0A} = {1D422232-2AF9-4594-9B93-6F4D16BEF0AB}
		{E165960E-51A2-4541-853C-AF9561D81170} = {6A6D89CF-55F3-4AB5-873C-242A1B3FEB8B}
		{DE125AEC-0B65-4562-AADB-81254EDFDBFB} = {6A6D89CF-55F3-4AB5-873C-242A1B3FEB8B}
		{2D6FC7CF-7F4A-4255-8742-BCE2AC9DD9E3} = {FCADA339-1C70-444C-9C4D-5958091202BD}
		{0D522443-35A9-4D63-8E3C-D7DF2C0B5EFC} = {FCADA339-1C70-444C-9C4D-5958091202BD}
		{FA07EB2A-6AD3-4E8C-9377-989083A7656C} = {E557E439-BF7E-4E8C-BED7-5417FD5F319B}
		{3870009F-9202-40CA-891F-402055827185} = {E557E439-BF7E-4E8C-BED7-5417FD5F319B}
		{E557E439-BF7E-4E8C-BED7-5417FD5F319B} = {5E2A3E1C-38EE-41D6-8B94-52DBB6E05254}
		{6A6D89CF-55F3-4AB5-873C-242A1B3FEB8B} = {421BABFA-21D4-4BB7-94F6-862192A3ECCE}
		{FCADA339-1C70-444C-9C4D-5958091202BD} = {0EB45B96-684E-4FE3-B860-AD32A06062E7}
		{1C540563-8C4F-4263-AF84-14AECEE8B769} = {0EB45B96-684E-4FE3-B860-AD32A06062E7}
		{714A3AEA-D0C4-4DE4-9B60-EA9B1C268FD8} = {5E2A3E1C-38EE-41D6-8B94-52DBB6E05254}
		{32381C78-B1D2-47F5-8F21-A4117FBFE44E} = {421BABFA-21D4-4BB7-94F6-862192A3ECCE}
		{7763DFB0-B60E-482E-B2A9-78CAC9221239} = {1C540563-8C4F-4263-AF84-14AECEE8B769}
		{6E94D4DB-49D2-4D1C-B75D-F73645DF3513} = {714A3AEA-D0C4-4DE4-9B60-EA9B1C268FD8}
		{259ACC01-BF26-436F-AF2D-1C17822EC8A5} = {B8557CA0-271E-4EA7-B591-AF6CDF38C5EF}
		{B8557CA0-271E-4EA7-B591-AF6CDF38C5EF} = {5E2A3E1C-38EE-41D6-8B94-52DBB6E05254}
	EndGlobalSection
	GlobalSection(ExtensibilityGlobals) = postSolution
		SolutionGuid = {B820F5D8-3A47-40AE-A279-B0775D80ED2A}
	EndGlobalSection
EndGlobal
